
Microsoft Visual Studio Solution File, Format Version 12.00
# Visual Studio 15
VisualStudioVersion = 15.0.28307.329
MinimumVisualStudioVersion = 10.0.40219.1
Project("{FAE04EC0-301F-11D3-BF4B-00C04F79EFBC}") = "PhoneBook.App", "PhoneBook.App\PhoneBook.App.csproj", "{5A5E47B6-1104-4501-B0B3-B7DEEEF1D247}"
EndProject
Project("{FAE04EC0-301F-11D3-BF4B-00C04F79EFBC}") = "PhoneBook_DbLayer", "PhoneBook_DbLayer\PhoneBook_DbLayer.csproj", "{EA565F44-20DF-4B73-9112-C9F304AC7361}"
EndProject
Project("{FAE04EC0-301F-11D3-BF4B-00C04F79EFBC}") = "PhoneBook_ViewModels", "PhoneBook_ViewModels\PhoneBook_ViewModels.csproj", "{F9FC9BB6-2632-428E-8117-6EC091EC9202}"
EndProject
Project("{FAE04EC0-301F-11D3-BF4B-00C04F79EFBC}") = "PhoneBook_Business", "PhoneBook_Business\PhoneBook_Business.csproj", "{562252D2-6B1A-4C87-A131-65C1D89C1316}"
EndProject
Project("{FAE04EC0-301F-11D3-BF4B-00C04F79EFBC}") = "PhoneBook_Utilities", "PhoneBook_Utilities\PhoneBook_Utilities.csproj", "{5913ED26-A27A-4DC9-8E37-0AC8592C50D4}"
EndProject
Global
	GlobalSection(SolutionConfigurationPlatforms) = preSolution
		Debug|Any CPU = Debug|Any CPU
		Release|Any CPU = Release|Any CPU
	EndGlobalSection
	GlobalSection(ProjectConfigurationPlatforms) = postSolution
		{5A5E47B6-1104-4501-B0B3-B7DEEEF1D247}.Debug|Any CPU.ActiveCfg = Debug|Any CPU
		{5A5E47B6-1104-4501-B0B3-B7DEEEF1D247}.Debug|Any CPU.Build.0 = Debug|Any CPU
		{5A5E47B6-1104-4501-B0B3-B7DEEEF1D247}.Release|Any CPU.ActiveCfg = Release|Any CPU
		{5A5E47B6-1104-4501-B0B3-B7DEEEF1D247}.Release|Any CPU.Build.0 = Release|Any CPU
		{EA565F44-20DF-4B73-9112-C9F304AC7361}.Debug|Any CPU.ActiveCfg = Debug|Any CPU
		{EA565F44-20DF-4B73-9112-C9F304AC7361}.Debug|Any CPU.Build.0 = Debug|Any CPU
		{EA565F44-20DF-4B73-9112-C9F304AC7361}.Release|Any CPU.ActiveCfg = Release|Any CPU
		{EA565F44-20DF-4B73-9112-C9F304AC7361}.Release|Any CPU.Build.0 = Release|Any CPU
		{F9FC9BB6-2632-428E-8117-6EC091EC9202}.Debug|Any CPU.ActiveCfg = Debug|Any CPU
		{F9FC9BB6-2632-428E-8117-6EC091EC9202}.Debug|Any CPU.Build.0 = Debug|Any CPU
		{F9FC9BB6-2632-428E-8117-6EC091EC9202}.Release|Any CPU.ActiveCfg = Release|Any CPU
		{F9FC9BB6-2632-428E-8117-6EC091EC9202}.Release|Any CPU.Build.0 = Release|Any CPU
		{562252D2-6B1A-4C87-A131-65C1D89C1316}.Debug|Any CPU.ActiveCfg = Debug|Any CPU
		{562252D2-6B1A-4C87-A131-65C1D89C1316}.Debug|Any CPU.Build.0 = Debug|Any CPU
		{562252D2-6B1A-4C87-A131-65C1D89C1316}.Release|Any CPU.ActiveCfg = Release|Any CPU
		{562252D2-6B1A-4C87-A131-65C1D89C1316}.Release|Any CPU.Build.0 = Release|Any CPU
		{5913ED26-A27A-4DC9-8E37-0AC8592C50D4}.Debug|Any CPU.ActiveCfg = Debug|Any CPU
		{5913ED26-A27A-4DC9-8E37-0AC8592C50D4}.Debug|Any CPU.Build.0 = Debug|Any CPU
		{5913ED26-A27A-4DC9-8E37-0AC8592C50D4}.Release|Any CPU.ActiveCfg = Release|Any CPU
		{5913ED26-A27A-4DC9-8E37-0AC8592C50D4}.Release|Any CPU.Build.0 = Release|Any CPU
	EndGlobalSection
	GlobalSection(SolutionProperties) = preSolution
		HideSolutionNode = FALSE
	EndGlobalSection
	GlobalSection(ExtensibilityGlobals) = postSolution
		SolutionGuid = {7D174833-4C0E-4C04-B3B3-9BACAA33AAAE}
	EndGlobalSection
EndGlobal
